
Microsoft Visual Studio Solution File, Format Version 12.00
# Visual Studio 15
VisualStudioVersion = 15.0.27703.2035
MinimumVisualStudioVersion = 10.0.40219.1
Project("{FAE04EC0-301F-11D3-BF4B-00C04F79EFBC}") = "WebcamViewerX", "WebcamViewerX\WebcamViewerX.csproj", "{610B3747-8C39-4BC5-BBE0-5FEC5FE4FA6B}"
EndProject
Project("{FAE04EC0-301F-11D3-BF4B-00C04F79EFBC}") = "XeZrunner.UI", "..\..\XeZrunner.UI\XeZrunner.UI\XeZrunner.UI.csproj", "{D04773CB-BFB2-4DC9-AE70-DA99C2B38DA5}"
EndProject
Project("{FAE04EC0-301F-11D3-BF4B-00C04F79EFBC}") = "WebcamViewerX.Theming", "WebcamViewerX.Theming\WebcamViewerX.Theming.csproj", "{60315F98-F69A-4209-8C80-CBCE225F4FF8}"
EndProject
Global
	GlobalSection(SolutionConfigurationPlatforms) = preSolution
		Debug|Any CPU = Debug|Any CPU
		Release|Any CPU = Release|Any CPU
	EndGlobalSection
	GlobalSection(ProjectConfigurationPlatforms) = postSolution
		{610B3747-8C39-4BC5-BBE0-5FEC5FE4FA6B}.Debug|Any CPU.ActiveCfg = Debug|Any CPU
		{610B3747-8C39-4BC5-BBE0-5FEC5FE4FA6B}.Debug|Any CPU.Build.0 = Debug|Any CPU
		{610B3747-8C39-4BC5-BBE0-5FEC5FE4FA6B}.Release|Any CPU.ActiveCfg = Release|Any CPU
		{610B3747-8C39-4BC5-BBE0-5FEC5FE4FA6B}.Release|Any CPU.Build.0 = Release|Any CPU
		{D04773CB-BFB2-4DC9-AE70-DA99C2B38DA5}.Debug|Any CPU.ActiveCfg = Debug|Any CPU
		{D04773CB-BFB2-4DC9-AE70-DA99C2B38DA5}.Debug|Any CPU.Build.0 = Debug|Any CPU
		{D04773CB-BFB2-4DC9-AE70-DA99C2B38DA5}.Release|Any CPU.ActiveCfg = Release|Any CPU
		{D04773CB-BFB2-4DC9-AE70-DA99C2B38DA5}.Release|Any CPU.Build.0 = Release|Any CPU
		{60315F98-F69A-4209-8C80-CBCE225F4FF8}.Debug|Any CPU.ActiveCfg = Debug|Any CPU
		{60315F98-F69A-4209-8C80-CBCE225F4FF8}.Debug|Any CPU.Build.0 = Debug|Any CPU
		{60315F98-F69A-4209-8C80-CBCE225F4FF8}.Release|Any CPU.ActiveCfg = Release|Any CPU
		{60315F98-F69A-4209-8C80-CBCE225F4FF8}.Release|Any CPU.Build.0 = Release|Any CPU
	EndGlobalSection
	GlobalSection(SolutionProperties) = preSolution
		HideSolutionNode = FALSE
	EndGlobalSection
	GlobalSection(ExtensibilityGlobals) = postSolution
		SolutionGuid = {EE621625-AACF-4708-A5D1-BA717E12680C}
	EndGlobalSection
EndGlobal
